
Microsoft Visual Studio Solution File, Format Version 12.00
Project("{FAE04EC0-301F-11D3-BF4B-00C04F79EFBC}") = "TimpieTyper.Api", "TimpieTyper.Api\TimpieTyper.Api.csproj", "{9D95EBFB-5B00-4689-8D75-3EF24BAE4679}"
EndProject
Project("{FAE04EC0-301F-11D3-BF4B-00C04F79EFBC}") = "TimpieTyper.Core", "TimpieTyper.Core\TimpieTyper.Core.csproj", "{79E10E6D-3D22-4BFC-9328-C377ADC41BBF}"
EndProject
Project("{FAE04EC0-301F-11D3-BF4B-00C04F79EFBC}") = "TimpieTyper.Persistence", "TimpieTyper.Persistence\TimpieTyper.Persistence.csproj", "{7066ABAB-AC7C-4F5F-A50D-D2A145ADA695}"
EndProject
Project("{FAE04EC0-301F-11D3-BF4B-00C04F79EFBC}") = "TimpieTyper.Test", "TimpieTyper.Test\TimpieTyper.Test.csproj", "{A50928ED-A74D-4050-A708-B500D83FD12B}"
EndProject
Global
	GlobalSection(SolutionConfigurationPlatforms) = preSolution
		Debug|Any CPU = Debug|Any CPU
		Release|Any CPU = Release|Any CPU
	EndGlobalSection
	GlobalSection(ProjectConfigurationPlatforms) = postSolution
		{9D95EBFB-5B00-4689-8D75-3EF24BAE4679}.Debug|Any CPU.ActiveCfg = Debug|Any CPU
		{9D95EBFB-5B00-4689-8D75-3EF24BAE4679}.Debug|Any CPU.Build.0 = Debug|Any CPU
		{9D95EBFB-5B00-4689-8D75-3EF24BAE4679}.Release|Any CPU.ActiveCfg = Release|Any CPU
		{9D95EBFB-5B00-4689-8D75-3EF24BAE4679}.Release|Any CPU.Build.0 = Release|Any CPU
		{79E10E6D-3D22-4BFC-9328-C377ADC41BBF}.Debug|Any CPU.ActiveCfg = Debug|Any CPU
		{79E10E6D-3D22-4BFC-9328-C377ADC41BBF}.Debug|Any CPU.Build.0 = Debug|Any CPU
		{79E10E6D-3D22-4BFC-9328-C377ADC41BBF}.Release|Any CPU.ActiveCfg = Release|Any CPU
		{79E10E6D-3D22-4BFC-9328-C377ADC41BBF}.Release|Any CPU.Build.0 = Release|Any CPU
		{7066ABAB-AC7C-4F5F-A50D-D2A145ADA695}.Debug|Any CPU.ActiveCfg = Debug|Any CPU
		{7066ABAB-AC7C-4F5F-A50D-D2A145ADA695}.Debug|Any CPU.Build.0 = Debug|Any CPU
		{7066ABAB-AC7C-4F5F-A50D-D2A145ADA695}.Release|Any CPU.ActiveCfg = Release|Any CPU
		{7066ABAB-AC7C-4F5F-A50D-D2A145ADA695}.Release|Any CPU.Build.0 = Release|Any CPU
		{A50928ED-A74D-4050-A708-B500D83FD12B}.Debug|Any CPU.ActiveCfg = Debug|Any CPU
		{A50928ED-A74D-4050-A708-B500D83FD12B}.Debug|Any CPU.Build.0 = Debug|Any CPU
		{A50928ED-A74D-4050-A708-B500D83FD12B}.Release|Any CPU.ActiveCfg = Release|Any CPU
		{A50928ED-A74D-4050-A708-B500D83FD12B}.Release|Any CPU.Build.0 = Release|Any CPU
	EndGlobalSection
EndGlobal
